// !$*UTF8*$!
{
	archiveVersion = 1;
	classes = {
	};
	objectVersion = 50;
	objects = {

/* Begin PBXBuildFile section */
		9E2FF62D2202323100407E87 /* AppDelegate.swift in Sources */ = {isa = PBXBuildFile; fileRef = 9E2FF62C2202323100407E87 /* AppDelegate.swift */; };
		9E2FF6322202323100407E87 /* Main.storyboard in Resources */ = {isa = PBXBuildFile; fileRef = 9E2FF6302202323100407E87 /* Main.storyboard */; };
		9E2FF6342202323200407E87 /* Assets.xcassets in Resources */ = {isa = PBXBuildFile; fileRef = 9E2FF6332202323200407E87 /* Assets.xcassets */; };
		9E2FF6372202323200407E87 /* LaunchScreen.storyboard in Resources */ = {isa = PBXBuildFile; fileRef = 9E2FF6352202323200407E87 /* LaunchScreen.storyboard */; };
		9E2FF6CD220232D400407E87 /* RegisterModels.swift in Sources */ = {isa = PBXBuildFile; fileRef = 9E2FF649220232D400407E87 /* RegisterModels.swift */; };
		9E2FF6CE220232D400407E87 /* RegisterViewController.swift in Sources */ = {isa = PBXBuildFile; fileRef = 9E2FF64A220232D400407E87 /* RegisterViewController.swift */; };
		9E2FF6CF220232D400407E87 /* RegisterViewModel.swift in Sources */ = {isa = PBXBuildFile; fileRef = 9E2FF64B220232D400407E87 /* RegisterViewModel.swift */; };
		9E2FF6D0220232D400407E87 /* ChooseLoginRegisterModels.swift in Sources */ = {isa = PBXBuildFile; fileRef = 9E2FF64D220232D400407E87 /* ChooseLoginRegisterModels.swift */; };
		9E2FF6D1220232D400407E87 /* ChooseLoginRegisterViewModel.swift in Sources */ = {isa = PBXBuildFile; fileRef = 9E2FF64E220232D400407E87 /* ChooseLoginRegisterViewModel.swift */; };
		9E2FF6D2220232D400407E87 /* ChooseLoginRegisterViewController.swift in Sources */ = {isa = PBXBuildFile; fileRef = 9E2FF64F220232D400407E87 /* ChooseLoginRegisterViewController.swift */; };
		9E2FF6D3220232D400407E87 /* LoginViewModel.swift in Sources */ = {isa = PBXBuildFile; fileRef = 9E2FF651220232D400407E87 /* LoginViewModel.swift */; };
		9E2FF6D4220232D400407E87 /* LoginModels.swift in Sources */ = {isa = PBXBuildFile; fileRef = 9E2FF652220232D400407E87 /* LoginModels.swift */; };
		9E2FF6D5220232D400407E87 /* LoginViewController.swift in Sources */ = {isa = PBXBuildFile; fileRef = 9E2FF653220232D400407E87 /* LoginViewController.swift */; };
		9E2FF6DC220232D500407E87 /* WalktroughModels.swift in Sources */ = {isa = PBXBuildFile; fileRef = 9E2FF65E220232D400407E87 /* WalktroughModels.swift */; };
		9E2FF6DD220232D500407E87 /* WalktroughViewController.swift in Sources */ = {isa = PBXBuildFile; fileRef = 9E2FF65F220232D400407E87 /* WalktroughViewController.swift */; };
		9E2FF6DE220232D500407E87 /* WalktroughViewModel.swift in Sources */ = {isa = PBXBuildFile; fileRef = 9E2FF660220232D400407E87 /* WalktroughViewModel.swift */; };
		9E2FF6EF220232D500407E87 /* CoordinatorFactory.swift in Sources */ = {isa = PBXBuildFile; fileRef = 9E2FF67B220232D400407E87 /* CoordinatorFactory.swift */; };
		9E2FF6F0220232D500407E87 /* ViewControllerFactory.swift in Sources */ = {isa = PBXBuildFile; fileRef = 9E2FF67D220232D400407E87 /* ViewControllerFactory.swift */; };
		9E2FF6F2220232D500407E87 /* AuthCoordinator.swift in Sources */ = {isa = PBXBuildFile; fileRef = 9E2FF681220232D400407E87 /* AuthCoordinator.swift */; };
		9E2FF6F3220232D500407E87 /* WalktroughCoordinator.swift in Sources */ = {isa = PBXBuildFile; fileRef = 9E2FF682220232D400407E87 /* WalktroughCoordinator.swift */; };
		9E2FF6F5220232D500407E87 /* ApplicationCoordinator.swift in Sources */ = {isa = PBXBuildFile; fileRef = 9E2FF684220232D400407E87 /* ApplicationCoordinator.swift */; };
		9E2FF6F9220232D500407E87 /* DeepLinkOption.swift in Sources */ = {isa = PBXBuildFile; fileRef = 9E2FF68A220232D400407E87 /* DeepLinkOption.swift */; };
		9E2FF6FA220232D500407E87 /* LaunchInstructor.swift in Sources */ = {isa = PBXBuildFile; fileRef = 9E2FF68B220232D400407E87 /* LaunchInstructor.swift */; };
		9E2FF6FB220232D500407E87 /* ViewController+Coordinator.swift in Sources */ = {isa = PBXBuildFile; fileRef = 9E2FF68D220232D400407E87 /* ViewController+Coordinator.swift */; };
		9E2FF6FC220232D500407E87 /* AuthCoordinatorOutput.swift in Sources */ = {isa = PBXBuildFile; fileRef = 9E2FF68F220232D400407E87 /* AuthCoordinatorOutput.swift */; };
		9E2FF6FD220232D500407E87 /* BaseViewControllerProtocol.swift in Sources */ = {isa = PBXBuildFile; fileRef = 9E2FF690220232D400407E87 /* BaseViewControllerProtocol.swift */; };
		9E2FF6FE220232D500407E87 /* Presentable.swift in Sources */ = {isa = PBXBuildFile; fileRef = 9E2FF691220232D400407E87 /* Presentable.swift */; };
		9E2FF6FF220232D500407E87 /* Coordinator.swift in Sources */ = {isa = PBXBuildFile; fileRef = 9E2FF692220232D400407E87 /* Coordinator.swift */; };
		9E2FF700220232D500407E87 /* BaseCoordinator.swift in Sources */ = {isa = PBXBuildFile; fileRef = 9E2FF694220232D400407E87 /* BaseCoordinator.swift */; };
		9E2FF701220232D500407E87 /* Router.swift in Sources */ = {isa = PBXBuildFile; fileRef = 9E2FF696220232D400407E87 /* Router.swift */; };
		9E2FF702220232D500407E87 /* FadeAnimator.swift in Sources */ = {isa = PBXBuildFile; fileRef = 9E2FF698220232D400407E87 /* FadeAnimator.swift */; };
		9E2FF703220232D500407E87 /* AlertMessage.swift in Sources */ = {isa = PBXBuildFile; fileRef = 9E2FF69B220232D400407E87 /* AlertMessage.swift */; };
		9E2FF704220232D500407E87 /* NetworkError.swift in Sources */ = {isa = PBXBuildFile; fileRef = 9E2FF69C220232D400407E87 /* NetworkError.swift */; };
		9E2FF707220232D500407E87 /* DependencyContainer.swift in Sources */ = {isa = PBXBuildFile; fileRef = 9E2FF6A3220232D400407E87 /* DependencyContainer.swift */; };
		9E2FF708220232D500407E87 /* AuthViewControllerFactoryImp.swift in Sources */ = {isa = PBXBuildFile; fileRef = 9E2FF6A5220232D400407E87 /* AuthViewControllerFactoryImp.swift */; };
		9E2FF70D220232D500407E87 /* WalktroughViewControllerFactoryImp.swift in Sources */ = {isa = PBXBuildFile; fileRef = 9E2FF6AA220232D400407E87 /* WalktroughViewControllerFactoryImp.swift */; };
		9E2FF70F220232D500407E87 /* ParameterEncoding.swift in Sources */ = {isa = PBXBuildFile; fileRef = 9E2FF6AE220232D400407E87 /* ParameterEncoding.swift */; };
		9E2FF710220232D500407E87 /* RequestItems.swift in Sources */ = {isa = PBXBuildFile; fileRef = 9E2FF6AF220232D400407E87 /* RequestItems.swift */; };
		9E2FF711220232D500407E87 /* EndPointType.swift in Sources */ = {isa = PBXBuildFile; fileRef = 9E2FF6B1220232D400407E87 /* EndPointType.swift */; };
		9E2FF712220232D500407E87 /* ApiManager.swift in Sources */ = {isa = PBXBuildFile; fileRef = 9E2FF6B3220232D400407E87 /* ApiManager.swift */; };
		9E2FF713220232D500407E87 /* ApiManagerRetrier.swift in Sources */ = {isa = PBXBuildFile; fileRef = 9E2FF6B4220232D400407E87 /* ApiManagerRetrier.swift */; };
		9E2FF714220232D500407E87 /* UIViewController.swift in Sources */ = {isa = PBXBuildFile; fileRef = 9E2FF6B7220232D400407E87 /* UIViewController.swift */; };
		9E2FF715220232D500407E87 /* UIStoryboard.swift in Sources */ = {isa = PBXBuildFile; fileRef = 9E2FF6B8220232D400407E87 /* UIStoryboard.swift */; };
		9E2FF716220232D500407E87 /* DateFormatter.swift in Sources */ = {isa = PBXBuildFile; fileRef = 9E2FF6BA220232D400407E87 /* DateFormatter.swift */; };
		9E2FF719220232D500407E87 /* AuthNetworkServices.swift in Sources */ = {isa = PBXBuildFile; fileRef = 9E2FF6BF220232D400407E87 /* AuthNetworkServices.swift */; };
		9E2FF71A220232D500407E87 /* UserServices.swift in Sources */ = {isa = PBXBuildFile; fileRef = 9E2FF6C1220232D400407E87 /* UserServices.swift */; };
		9E2FF71B220232D500407E87 /* Dynamic.swift in Sources */ = {isa = PBXBuildFile; fileRef = 9E2FF6C4220232D400407E87 /* Dynamic.swift */; };
		9E2FF71C220232D500407E87 /* DynamicArray.swift in Sources */ = {isa = PBXBuildFile; fileRef = 9E2FF6C5220232D400407E87 /* DynamicArray.swift */; };
		9E2FF71D220232D500407E87 /* DynamicAsync.swift in Sources */ = {isa = PBXBuildFile; fileRef = 9E2FF6C6220232D400407E87 /* DynamicAsync.swift */; };
		9E2FF71E220232D500407E87 /* GenericUtils.swift in Sources */ = {isa = PBXBuildFile; fileRef = 9E2FF6C7220232D400407E87 /* GenericUtils.swift */; };
		9E2FF71F220232D500407E87 /* Constants.swift in Sources */ = {isa = PBXBuildFile; fileRef = 9E2FF6C9220232D400407E87 /* Constants.swift */; };
		9E2FF7272202330700407E87 /* Auth.storyboard in Resources */ = {isa = PBXBuildFile; fileRef = 9E2FF7202202330700407E87 /* Auth.storyboard */; };
		9E2FF7282202330700407E87 /* SideMenu.storyboard in Resources */ = {isa = PBXBuildFile; fileRef = 9E2FF7212202330700407E87 /* SideMenu.storyboard */; };
		9E2FF7292202330700407E87 /* Walktrough.storyboard in Resources */ = {isa = PBXBuildFile; fileRef = 9E2FF7222202330700407E87 /* Walktrough.storyboard */; };
		9E2FF72A2202330700407E87 /* Events.storyboard in Resources */ = {isa = PBXBuildFile; fileRef = 9E2FF7232202330700407E87 /* Events.storyboard */; };
		9E2FF72B2202330700407E87 /* Payment.storyboard in Resources */ = {isa = PBXBuildFile; fileRef = 9E2FF7242202330700407E87 /* Payment.storyboard */; };
		9E2FF72C2202330700407E87 /* Settings.storyboard in Resources */ = {isa = PBXBuildFile; fileRef = 9E2FF7252202330700407E87 /* Settings.storyboard */; };
		9E2FF72D2202330700407E87 /* Profile.storyboard in Resources */ = {isa = PBXBuildFile; fileRef = 9E2FF7262202330700407E87 /* Profile.storyboard */; };
		9E755F962254BDD30041CF69 /* BaseViewModel.swift in Sources */ = {isa = PBXBuildFile; fileRef = 9E755F952254BDD30041CF69 /* BaseViewModel.swift */; };
		9E755F982254BDF70041CF69 /* BaseViewController.swift in Sources */ = {isa = PBXBuildFile; fileRef = 9E755F972254BDF70041CF69 /* BaseViewController.swift */; };
		9E755F9B2254D2C50041CF69 /* CoordinatorNavigationController.swift in Sources */ = {isa = PBXBuildFile; fileRef = 9E755F9A2254D2C50041CF69 /* CoordinatorNavigationController.swift */; };
		9EBF6E632256031400AF525F /* UIButton.swift in Sources */ = {isa = PBXBuildFile; fileRef = 9EBF6E622256031400AF525F /* UIButton.swift */; };
		9EBF6E662256065D00AF525F /* CustomBackButton.swift in Sources */ = {isa = PBXBuildFile; fileRef = 9EBF6E652256065D00AF525F /* CustomBackButton.swift */; };
		9EBF6E68225683B900AF525F /* UINavigationBar.swift in Sources */ = {isa = PBXBuildFile; fileRef = 9EBF6E67225683B900AF525F /* UINavigationBar.swift */; };
		9EBF6E73225690F500AF525F /* TermsAndConditionsModels.swift in Sources */ = {isa = PBXBuildFile; fileRef = 9EBF6E70225690F500AF525F /* TermsAndConditionsModels.swift */; };
		9EBF6E74225690F500AF525F /* TermsAndConditionsViewController.swift in Sources */ = {isa = PBXBuildFile; fileRef = 9EBF6E71225690F500AF525F /* TermsAndConditionsViewController.swift */; };
		9EBF6E75225690F500AF525F /* TermsAndConditionsViewModel.swift in Sources */ = {isa = PBXBuildFile; fileRef = 9EBF6E72225690F500AF525F /* TermsAndConditionsViewModel.swift */; };
		DA2357D3F25307201A5E9375 /* Pods_ServiceOrientedArchitecture.framework in Frameworks */ = {isa = PBXBuildFile; fileRef = 983EA0B9065221C4BAAEF119 /* Pods_ServiceOrientedArchitecture.framework */; };
/* End PBXBuildFile section */

/* Begin PBXFileReference section */
		936EF7021C7D01C0247B431A /* Pods-ServiceOrientedArchitecture.debug.xcconfig */ = {isa = PBXFileReference; includeInIndex = 1; lastKnownFileType = text.xcconfig; name = "Pods-ServiceOrientedArchitecture.debug.xcconfig"; path = "Pods/Target Support Files/Pods-ServiceOrientedArchitecture/Pods-ServiceOrientedArchitecture.debug.xcconfig"; sourceTree = "<group>"; };
		983EA0B9065221C4BAAEF119 /* Pods_ServiceOrientedArchitecture.framework */ = {isa = PBXFileReference; explicitFileType = wrapper.framework; includeInIndex = 0; path = Pods_ServiceOrientedArchitecture.framework; sourceTree = BUILT_PRODUCTS_DIR; };
		9E2FF6292202323100407E87 /* ServiceOrientedArchitecture.app */ = {isa = PBXFileReference; explicitFileType = wrapper.application; includeInIndex = 0; path = ServiceOrientedArchitecture.app; sourceTree = BUILT_PRODUCTS_DIR; };
		9E2FF62C2202323100407E87 /* AppDelegate.swift */ = {isa = PBXFileReference; lastKnownFileType = sourcecode.swift; path = AppDelegate.swift; sourceTree = "<group>"; };
		9E2FF6312202323100407E87 /* Base */ = {isa = PBXFileReference; lastKnownFileType = file.storyboard; name = Base; path = Base.lproj/Main.storyboard; sourceTree = "<group>"; };
		9E2FF6332202323200407E87 /* Assets.xcassets */ = {isa = PBXFileReference; lastKnownFileType = folder.assetcatalog; path = Assets.xcassets; sourceTree = "<group>"; };
		9E2FF6362202323200407E87 /* Base */ = {isa = PBXFileReference; lastKnownFileType = file.storyboard; name = Base; path = Base.lproj/LaunchScreen.storyboard; sourceTree = "<group>"; };
		9E2FF6382202323200407E87 /* Info.plist */ = {isa = PBXFileReference; lastKnownFileType = text.plist.xml; path = Info.plist; sourceTree = "<group>"; };
		9E2FF649220232D400407E87 /* RegisterModels.swift */ = {isa = PBXFileReference; fileEncoding = 4; lastKnownFileType = sourcecode.swift; path = RegisterModels.swift; sourceTree = "<group>"; };
		9E2FF64A220232D400407E87 /* RegisterViewController.swift */ = {isa = PBXFileReference; fileEncoding = 4; lastKnownFileType = sourcecode.swift; path = RegisterViewController.swift; sourceTree = "<group>"; };
		9E2FF64B220232D400407E87 /* RegisterViewModel.swift */ = {isa = PBXFileReference; fileEncoding = 4; lastKnownFileType = sourcecode.swift; path = RegisterViewModel.swift; sourceTree = "<group>"; };
		9E2FF64D220232D400407E87 /* ChooseLoginRegisterModels.swift */ = {isa = PBXFileReference; fileEncoding = 4; lastKnownFileType = sourcecode.swift; path = ChooseLoginRegisterModels.swift; sourceTree = "<group>"; };
		9E2FF64E220232D400407E87 /* ChooseLoginRegisterViewModel.swift */ = {isa = PBXFileReference; fileEncoding = 4; lastKnownFileType = sourcecode.swift; path = ChooseLoginRegisterViewModel.swift; sourceTree = "<group>"; };
		9E2FF64F220232D400407E87 /* ChooseLoginRegisterViewController.swift */ = {isa = PBXFileReference; fileEncoding = 4; lastKnownFileType = sourcecode.swift; path = ChooseLoginRegisterViewController.swift; sourceTree = "<group>"; };
		9E2FF651220232D400407E87 /* LoginViewModel.swift */ = {isa = PBXFileReference; fileEncoding = 4; lastKnownFileType = sourcecode.swift; path = LoginViewModel.swift; sourceTree = "<group>"; };
		9E2FF652220232D400407E87 /* LoginModels.swift */ = {isa = PBXFileReference; fileEncoding = 4; lastKnownFileType = sourcecode.swift; path = LoginModels.swift; sourceTree = "<group>"; };
		9E2FF653220232D400407E87 /* LoginViewController.swift */ = {isa = PBXFileReference; fileEncoding = 4; lastKnownFileType = sourcecode.swift; path = LoginViewController.swift; sourceTree = "<group>"; };
		9E2FF65E220232D400407E87 /* WalktroughModels.swift */ = {isa = PBXFileReference; fileEncoding = 4; lastKnownFileType = sourcecode.swift; path = WalktroughModels.swift; sourceTree = "<group>"; };
		9E2FF65F220232D400407E87 /* WalktroughViewController.swift */ = {isa = PBXFileReference; fileEncoding = 4; lastKnownFileType = sourcecode.swift; path = WalktroughViewController.swift; sourceTree = "<group>"; };
		9E2FF660220232D400407E87 /* WalktroughViewModel.swift */ = {isa = PBXFileReference; fileEncoding = 4; lastKnownFileType = sourcecode.swift; path = WalktroughViewModel.swift; sourceTree = "<group>"; };
		9E2FF67B220232D400407E87 /* CoordinatorFactory.swift */ = {isa = PBXFileReference; fileEncoding = 4; lastKnownFileType = sourcecode.swift; path = CoordinatorFactory.swift; sourceTree = "<group>"; };
		9E2FF67D220232D400407E87 /* ViewControllerFactory.swift */ = {isa = PBXFileReference; fileEncoding = 4; lastKnownFileType = sourcecode.swift; path = ViewControllerFactory.swift; sourceTree = "<group>"; };
		9E2FF681220232D400407E87 /* AuthCoordinator.swift */ = {isa = PBXFileReference; fileEncoding = 4; lastKnownFileType = sourcecode.swift; path = AuthCoordinator.swift; sourceTree = "<group>"; };
		9E2FF682220232D400407E87 /* WalktroughCoordinator.swift */ = {isa = PBXFileReference; fileEncoding = 4; lastKnownFileType = sourcecode.swift; path = WalktroughCoordinator.swift; sourceTree = "<group>"; };
		9E2FF684220232D400407E87 /* ApplicationCoordinator.swift */ = {isa = PBXFileReference; fileEncoding = 4; lastKnownFileType = sourcecode.swift; path = ApplicationCoordinator.swift; sourceTree = "<group>"; };
		9E2FF68A220232D400407E87 /* DeepLinkOption.swift */ = {isa = PBXFileReference; fileEncoding = 4; lastKnownFileType = sourcecode.swift; path = DeepLinkOption.swift; sourceTree = "<group>"; };
		9E2FF68B220232D400407E87 /* LaunchInstructor.swift */ = {isa = PBXFileReference; fileEncoding = 4; lastKnownFileType = sourcecode.swift; path = LaunchInstructor.swift; sourceTree = "<group>"; };
		9E2FF68D220232D400407E87 /* ViewController+Coordinator.swift */ = {isa = PBXFileReference; fileEncoding = 4; lastKnownFileType = sourcecode.swift; path = "ViewController+Coordinator.swift"; sourceTree = "<group>"; };
		9E2FF68F220232D400407E87 /* AuthCoordinatorOutput.swift */ = {isa = PBXFileReference; fileEncoding = 4; lastKnownFileType = sourcecode.swift; path = AuthCoordinatorOutput.swift; sourceTree = "<group>"; };
		9E2FF690220232D400407E87 /* BaseViewControllerProtocol.swift */ = {isa = PBXFileReference; fileEncoding = 4; lastKnownFileType = sourcecode.swift; path = BaseViewControllerProtocol.swift; sourceTree = "<group>"; };
		9E2FF691220232D400407E87 /* Presentable.swift */ = {isa = PBXFileReference; fileEncoding = 4; lastKnownFileType = sourcecode.swift; path = Presentable.swift; sourceTree = "<group>"; };
		9E2FF692220232D400407E87 /* Coordinator.swift */ = {isa = PBXFileReference; fileEncoding = 4; lastKnownFileType = sourcecode.swift; path = Coordinator.swift; sourceTree = "<group>"; };
		9E2FF694220232D400407E87 /* BaseCoordinator.swift */ = {isa = PBXFileReference; fileEncoding = 4; lastKnownFileType = sourcecode.swift; path = BaseCoordinator.swift; sourceTree = "<group>"; };
		9E2FF696220232D400407E87 /* Router.swift */ = {isa = PBXFileReference; fileEncoding = 4; lastKnownFileType = sourcecode.swift; path = Router.swift; sourceTree = "<group>"; };
		9E2FF698220232D400407E87 /* FadeAnimator.swift */ = {isa = PBXFileReference; fileEncoding = 4; lastKnownFileType = sourcecode.swift; path = FadeAnimator.swift; sourceTree = "<group>"; };
		9E2FF69B220232D400407E87 /* AlertMessage.swift */ = {isa = PBXFileReference; fileEncoding = 4; lastKnownFileType = sourcecode.swift; path = AlertMessage.swift; sourceTree = "<group>"; };
		9E2FF69C220232D400407E87 /* NetworkError.swift */ = {isa = PBXFileReference; fileEncoding = 4; lastKnownFileType = sourcecode.swift; path = NetworkError.swift; sourceTree = "<group>"; };
		9E2FF6A3220232D400407E87 /* DependencyContainer.swift */ = {isa = PBXFileReference; fileEncoding = 4; lastKnownFileType = sourcecode.swift; path = DependencyContainer.swift; sourceTree = "<group>"; };
		9E2FF6A5220232D400407E87 /* AuthViewControllerFactoryImp.swift */ = {isa = PBXFileReference; fileEncoding = 4; lastKnownFileType = sourcecode.swift; path = AuthViewControllerFactoryImp.swift; sourceTree = "<group>"; };
		9E2FF6AA220232D400407E87 /* WalktroughViewControllerFactoryImp.swift */ = {isa = PBXFileReference; fileEncoding = 4; lastKnownFileType = sourcecode.swift; path = WalktroughViewControllerFactoryImp.swift; sourceTree = "<group>"; };
		9E2FF6AE220232D400407E87 /* ParameterEncoding.swift */ = {isa = PBXFileReference; fileEncoding = 4; lastKnownFileType = sourcecode.swift; path = ParameterEncoding.swift; sourceTree = "<group>"; };
		9E2FF6AF220232D400407E87 /* RequestItems.swift */ = {isa = PBXFileReference; fileEncoding = 4; lastKnownFileType = sourcecode.swift; path = RequestItems.swift; sourceTree = "<group>"; };
		9E2FF6B1220232D400407E87 /* EndPointType.swift */ = {isa = PBXFileReference; fileEncoding = 4; lastKnownFileType = sourcecode.swift; path = EndPointType.swift; sourceTree = "<group>"; };
		9E2FF6B3220232D400407E87 /* ApiManager.swift */ = {isa = PBXFileReference; fileEncoding = 4; lastKnownFileType = sourcecode.swift; path = ApiManager.swift; sourceTree = "<group>"; };
		9E2FF6B4220232D400407E87 /* ApiManagerRetrier.swift */ = {isa = PBXFileReference; fileEncoding = 4; lastKnownFileType = sourcecode.swift; path = ApiManagerRetrier.swift; sourceTree = "<group>"; };
		9E2FF6B7220232D400407E87 /* UIViewController.swift */ = {isa = PBXFileReference; fileEncoding = 4; lastKnownFileType = sourcecode.swift; path = UIViewController.swift; sourceTree = "<group>"; };
		9E2FF6B8220232D400407E87 /* UIStoryboard.swift */ = {isa = PBXFileReference; fileEncoding = 4; lastKnownFileType = sourcecode.swift; path = UIStoryboard.swift; sourceTree = "<group>"; };
		9E2FF6BA220232D400407E87 /* DateFormatter.swift */ = {isa = PBXFileReference; fileEncoding = 4; lastKnownFileType = sourcecode.swift; path = DateFormatter.swift; sourceTree = "<group>"; };
		9E2FF6BF220232D400407E87 /* AuthNetworkServices.swift */ = {isa = PBXFileReference; fileEncoding = 4; lastKnownFileType = sourcecode.swift; path = AuthNetworkServices.swift; sourceTree = "<group>"; };
		9E2FF6C1220232D400407E87 /* UserServices.swift */ = {isa = PBXFileReference; fileEncoding = 4; lastKnownFileType = sourcecode.swift; path = UserServices.swift; sourceTree = "<group>"; };
		9E2FF6C4220232D400407E87 /* Dynamic.swift */ = {isa = PBXFileReference; fileEncoding = 4; lastKnownFileType = sourcecode.swift; path = Dynamic.swift; sourceTree = "<group>"; };
		9E2FF6C5220232D400407E87 /* DynamicArray.swift */ = {isa = PBXFileReference; fileEncoding = 4; lastKnownFileType = sourcecode.swift; path = DynamicArray.swift; sourceTree = "<group>"; };
		9E2FF6C6220232D400407E87 /* DynamicAsync.swift */ = {isa = PBXFileReference; fileEncoding = 4; lastKnownFileType = sourcecode.swift; path = DynamicAsync.swift; sourceTree = "<group>"; };
		9E2FF6C7220232D400407E87 /* GenericUtils.swift */ = {isa = PBXFileReference; fileEncoding = 4; lastKnownFileType = sourcecode.swift; path = GenericUtils.swift; sourceTree = "<group>"; };
		9E2FF6C9220232D400407E87 /* Constants.swift */ = {isa = PBXFileReference; fileEncoding = 4; lastKnownFileType = sourcecode.swift; path = Constants.swift; sourceTree = "<group>"; };
		9E2FF7202202330700407E87 /* Auth.storyboard */ = {isa = PBXFileReference; fileEncoding = 4; lastKnownFileType = file.storyboard; path = Auth.storyboard; sourceTree = "<group>"; };
		9E2FF7212202330700407E87 /* SideMenu.storyboard */ = {isa = PBXFileReference; fileEncoding = 4; lastKnownFileType = file.storyboard; path = SideMenu.storyboard; sourceTree = "<group>"; };
		9E2FF7222202330700407E87 /* Walktrough.storyboard */ = {isa = PBXFileReference; fileEncoding = 4; lastKnownFileType = file.storyboard; path = Walktrough.storyboard; sourceTree = "<group>"; };
		9E2FF7232202330700407E87 /* Events.storyboard */ = {isa = PBXFileReference; fileEncoding = 4; lastKnownFileType = file.storyboard; path = Events.storyboard; sourceTree = "<group>"; };
		9E2FF7242202330700407E87 /* Payment.storyboard */ = {isa = PBXFileReference; fileEncoding = 4; lastKnownFileType = file.storyboard; path = Payment.storyboard; sourceTree = "<group>"; };
		9E2FF7252202330700407E87 /* Settings.storyboard */ = {isa = PBXFileReference; fileEncoding = 4; lastKnownFileType = file.storyboard; path = Settings.storyboard; sourceTree = "<group>"; };
		9E2FF7262202330700407E87 /* Profile.storyboard */ = {isa = PBXFileReference; fileEncoding = 4; lastKnownFileType = file.storyboard; path = Profile.storyboard; sourceTree = "<group>"; };
		9E755F952254BDD30041CF69 /* BaseViewModel.swift */ = {isa = PBXFileReference; fileEncoding = 4; lastKnownFileType = sourcecode.swift; path = BaseViewModel.swift; sourceTree = "<group>"; };
		9E755F972254BDF70041CF69 /* BaseViewController.swift */ = {isa = PBXFileReference; lastKnownFileType = sourcecode.swift; path = BaseViewController.swift; sourceTree = "<group>"; };
		9E755F9A2254D2C50041CF69 /* CoordinatorNavigationController.swift */ = {isa = PBXFileReference; lastKnownFileType = sourcecode.swift; path = CoordinatorNavigationController.swift; sourceTree = "<group>"; };
		9EBF6E622256031400AF525F /* UIButton.swift */ = {isa = PBXFileReference; lastKnownFileType = sourcecode.swift; path = UIButton.swift; sourceTree = "<group>"; };
		9EBF6E652256065D00AF525F /* CustomBackButton.swift */ = {isa = PBXFileReference; lastKnownFileType = sourcecode.swift; path = CustomBackButton.swift; sourceTree = "<group>"; };
		9EBF6E67225683B900AF525F /* UINavigationBar.swift */ = {isa = PBXFileReference; lastKnownFileType = sourcecode.swift; path = UINavigationBar.swift; sourceTree = "<group>"; };
		9EBF6E70225690F500AF525F /* TermsAndConditionsModels.swift */ = {isa = PBXFileReference; lastKnownFileType = sourcecode.swift; path = TermsAndConditionsModels.swift; sourceTree = "<group>"; };
		9EBF6E71225690F500AF525F /* TermsAndConditionsViewController.swift */ = {isa = PBXFileReference; lastKnownFileType = sourcecode.swift; path = TermsAndConditionsViewController.swift; sourceTree = "<group>"; };
		9EBF6E72225690F500AF525F /* TermsAndConditionsViewModel.swift */ = {isa = PBXFileReference; lastKnownFileType = sourcecode.swift; path = TermsAndConditionsViewModel.swift; sourceTree = "<group>"; };
		B331C129E22AB5A45EA0D094 /* Pods-ServiceOrientedArchitecture.release.xcconfig */ = {isa = PBXFileReference; includeInIndex = 1; lastKnownFileType = text.xcconfig; name = "Pods-ServiceOrientedArchitecture.release.xcconfig"; path = "Pods/Target Support Files/Pods-ServiceOrientedArchitecture/Pods-ServiceOrientedArchitecture.release.xcconfig"; sourceTree = "<group>"; };
/* End PBXFileReference section */

/* Begin PBXFrameworksBuildPhase section */
		9E2FF6262202323100407E87 /* Frameworks */ = {
			isa = PBXFrameworksBuildPhase;
			buildActionMask = 2147483647;
			files = (
				DA2357D3F25307201A5E9375 /* Pods_ServiceOrientedArchitecture.framework in Frameworks */,
			);
			runOnlyForDeploymentPostprocessing = 0;
		};
/* End PBXFrameworksBuildPhase section */

/* Begin PBXGroup section */
		9E2FF6202202323100407E87 = {
			isa = PBXGroup;
			children = (
				9E2FF62B2202323100407E87 /* ServiceOrientedArchitecture */,
				9E2FF62A2202323100407E87 /* Products */,
				F81DC97B94D240D310BA6BE7 /* Pods */,
				D65F21CC530958CA275A867B /* Frameworks */,
			);
			sourceTree = "<group>";
		};
		9E2FF62A2202323100407E87 /* Products */ = {
			isa = PBXGroup;
			children = (
				9E2FF6292202323100407E87 /* ServiceOrientedArchitecture.app */,
			);
			name = Products;
			sourceTree = "<group>";
		};
		9E2FF62B2202323100407E87 /* ServiceOrientedArchitecture */ = {
			isa = PBXGroup;
			children = (
				9E2FF63E2202324600407E87 /* AppDelegate */,
				9E2FF63F2202325F00407E87 /* Assets */,
				9E2FF67E220232D400407E87 /* Coordinator */,
				9E2FF6A2220232D400407E87 /* DependencyContainer */,
				9E2FF6B5220232D400407E87 /* Extensions */,
				9E2FF679220232D400407E87 /* Factory */,
				9E2FF699220232D400407E87 /* Models */,
				9E2FF6AC220232D400407E87 /* Networking */,
				9E2FF6BB220232D400407E87 /* Services */,
				9E2FF6402202328B00407E87 /* Stroyboards */,
				9E2FF6C2220232D400407E87 /* Utils */,
				9E2FF641220232D400407E87 /* ViewControllers */,
				9E2FF69D220232D400407E87 /* Views */,
				9E2FF6382202323200407E87 /* Info.plist */,
			);
			path = ServiceOrientedArchitecture;
			sourceTree = "<group>";
		};
		9E2FF63E2202324600407E87 /* AppDelegate */ = {
			isa = PBXGroup;
			children = (
				9E2FF62C2202323100407E87 /* AppDelegate.swift */,
			);
			path = AppDelegate;
			sourceTree = "<group>";
		};
		9E2FF63F2202325F00407E87 /* Assets */ = {
			isa = PBXGroup;
			children = (
				9E2FF6332202323200407E87 /* Assets.xcassets */,
			);
			path = Assets;
			sourceTree = "<group>";
		};
		9E2FF6402202328B00407E87 /* Stroyboards */ = {
			isa = PBXGroup;
			children = (
				9E2FF7202202330700407E87 /* Auth.storyboard */,
				9E2FF7232202330700407E87 /* Events.storyboard */,
				9E2FF6352202323200407E87 /* LaunchScreen.storyboard */,
				9E2FF6302202323100407E87 /* Main.storyboard */,
				9E2FF7242202330700407E87 /* Payment.storyboard */,
				9E2FF7262202330700407E87 /* Profile.storyboard */,
				9E2FF7252202330700407E87 /* Settings.storyboard */,
				9E2FF7212202330700407E87 /* SideMenu.storyboard */,
				9E2FF7222202330700407E87 /* Walktrough.storyboard */,
			);
			path = Stroyboards;
			sourceTree = "<group>";
		};
		9E2FF641220232D400407E87 /* ViewControllers */ = {
			isa = PBXGroup;
			children = (
				9E2FF647220232D400407E87 /* Auth */,
				9E2FF677220232D400407E87 /* Base */,
				9E755F992254D2880041CF69 /* NavigationController */,
				9E2FF65D220232D400407E87 /* Walktrough */,
			);
			path = ViewControllers;
			sourceTree = "<group>";
		};
		9E2FF647220232D400407E87 /* Auth */ = {
			isa = PBXGroup;
			children = (
				9E2FF64C220232D400407E87 /* ChooseLoginRegister */,
				9E2FF650220232D400407E87 /* Login */,
				9E2FF648220232D400407E87 /* Register */,
				9EBF6E69225690B300AF525F /* TermsAndConditions */,
			);
			path = Auth;
			sourceTree = "<group>";
		};
		9E2FF648220232D400407E87 /* Register */ = {
			isa = PBXGroup;
			children = (
				9E2FF649220232D400407E87 /* RegisterModels.swift */,
				9E2FF64A220232D400407E87 /* RegisterViewController.swift */,
				9E2FF64B220232D400407E87 /* RegisterViewModel.swift */,
			);
			path = Register;
			sourceTree = "<group>";
		};
		9E2FF64C220232D400407E87 /* ChooseLoginRegister */ = {
			isa = PBXGroup;
			children = (
				9E2FF64D220232D400407E87 /* ChooseLoginRegisterModels.swift */,
				9E2FF64F220232D400407E87 /* ChooseLoginRegisterViewController.swift */,
				9E2FF64E220232D400407E87 /* ChooseLoginRegisterViewModel.swift */,
			);
			path = ChooseLoginRegister;
			sourceTree = "<group>";
		};
		9E2FF650220232D400407E87 /* Login */ = {
			isa = PBXGroup;
			children = (
				9E2FF652220232D400407E87 /* LoginModels.swift */,
				9E2FF653220232D400407E87 /* LoginViewController.swift */,
				9E2FF651220232D400407E87 /* LoginViewModel.swift */,
			);
			path = Login;
			sourceTree = "<group>";
		};
		9E2FF65D220232D400407E87 /* Walktrough */ = {
			isa = PBXGroup;
			children = (
				9E2FF65E220232D400407E87 /* WalktroughModels.swift */,
				9E2FF65F220232D400407E87 /* WalktroughViewController.swift */,
				9E2FF660220232D400407E87 /* WalktroughViewModel.swift */,
			);
			path = Walktrough;
			sourceTree = "<group>";
		};
		9E2FF677220232D400407E87 /* Base */ = {
			isa = PBXGroup;
			children = (
				9E755F932254BDB60041CF69 /* ViewController */,
				9E755F942254BDBD0041CF69 /* ViewModel */,
			);
			path = Base;
			sourceTree = "<group>";
		};
		9E2FF679220232D400407E87 /* Factory */ = {
			isa = PBXGroup;
			children = (
				9E2FF67A220232D400407E87 /* CoordinatorFactory */,
				9E2FF67C220232D400407E87 /* ViewControllerFactory */,
			);
			path = Factory;
			sourceTree = "<group>";
		};
		9E2FF67A220232D400407E87 /* CoordinatorFactory */ = {
			isa = PBXGroup;
			children = (
				9E2FF67B220232D400407E87 /* CoordinatorFactory.swift */,
			);
			path = CoordinatorFactory;
			sourceTree = "<group>";
		};
		9E2FF67C220232D400407E87 /* ViewControllerFactory */ = {
			isa = PBXGroup;
			children = (
				9E2FF67D220232D400407E87 /* ViewControllerFactory.swift */,
			);
			path = ViewControllerFactory;
			sourceTree = "<group>";
		};
		9E2FF67E220232D400407E87 /* Coordinator */ = {
			isa = PBXGroup;
			children = (
				9E2FF67F220232D400407E87 /* Coordinators */,
				9E2FF688220232D400407E87 /* BaseCoordinator */,
				9E2FF697220232D400407E87 /* Transitions */,
			);
			path = Coordinator;
			sourceTree = "<group>";
		};
		9E2FF67F220232D400407E87 /* Coordinators */ = {
			isa = PBXGroup;
			children = (
				9E2FF684220232D400407E87 /* ApplicationCoordinator.swift */,
				9E2FF681220232D400407E87 /* AuthCoordinator.swift */,
				9E2FF682220232D400407E87 /* WalktroughCoordinator.swift */,
			);
			path = Coordinators;
			sourceTree = "<group>";
		};
		9E2FF688220232D400407E87 /* BaseCoordinator */ = {
			isa = PBXGroup;
			children = (
				9E2FF689220232D400407E87 /* Enums */,
				9E2FF68C220232D400407E87 /* Extensions */,
				9E2FF68E220232D400407E87 /* Protocols */,
				9E2FF693220232D400407E87 /* Base */,
				9E2FF695220232D400407E87 /* Router */,
			);
			path = BaseCoordinator;
			sourceTree = "<group>";
		};
		9E2FF689220232D400407E87 /* Enums */ = {
			isa = PBXGroup;
			children = (
				9E2FF68A220232D400407E87 /* DeepLinkOption.swift */,
				9E2FF68B220232D400407E87 /* LaunchInstructor.swift */,
			);
			path = Enums;
			sourceTree = "<group>";
		};
		9E2FF68C220232D400407E87 /* Extensions */ = {
			isa = PBXGroup;
			children = (
				9E2FF68D220232D400407E87 /* ViewController+Coordinator.swift */,
			);
			path = Extensions;
			sourceTree = "<group>";
		};
		9E2FF68E220232D400407E87 /* Protocols */ = {
			isa = PBXGroup;
			children = (
				9E2FF68F220232D400407E87 /* AuthCoordinatorOutput.swift */,
				9E2FF690220232D400407E87 /* BaseViewControllerProtocol.swift */,
				9E2FF691220232D400407E87 /* Presentable.swift */,
				9E2FF692220232D400407E87 /* Coordinator.swift */,
			);
			path = Protocols;
			sourceTree = "<group>";
		};
		9E2FF693220232D400407E87 /* Base */ = {
			isa = PBXGroup;
			children = (
				9E2FF694220232D400407E87 /* BaseCoordinator.swift */,
			);
			path = Base;
			sourceTree = "<group>";
		};
		9E2FF695220232D400407E87 /* Router */ = {
			isa = PBXGroup;
			children = (
				9E2FF696220232D400407E87 /* Router.swift */,
			);
			path = Router;
			sourceTree = "<group>";
		};
		9E2FF697220232D400407E87 /* Transitions */ = {
			isa = PBXGroup;
			children = (
				9E2FF698220232D400407E87 /* FadeAnimator.swift */,
			);
			path = Transitions;
			sourceTree = "<group>";
		};
		9E2FF699220232D400407E87 /* Models */ = {
			isa = PBXGroup;
			children = (
				9E2FF69A220232D400407E87 /* Networking */,
			);
			path = Models;
			sourceTree = "<group>";
		};
		9E2FF69A220232D400407E87 /* Networking */ = {
			isa = PBXGroup;
			children = (
				9E2FF69B220232D400407E87 /* AlertMessage.swift */,
				9E2FF69C220232D400407E87 /* NetworkError.swift */,
			);
			path = Networking;
			sourceTree = "<group>";
		};
		9E2FF69D220232D400407E87 /* Views */ = {
			isa = PBXGroup;
			children = (
				9EBF6E642256063100AF525F /* Buttons */,
				9E2FF69E220232D400407E87 /* TableViewCells */,
			);
			path = Views;
			sourceTree = "<group>";
		};
		9E2FF69E220232D400407E87 /* TableViewCells */ = {
			isa = PBXGroup;
			children = (
			);
			path = TableViewCells;
			sourceTree = "<group>";
		};
		9E2FF6A2220232D400407E87 /* DependencyContainer */ = {
			isa = PBXGroup;
			children = (
				9E2FF6A3220232D400407E87 /* DependencyContainer.swift */,
				9E2FF6A4220232D400407E87 /* FactoryProtocolmp */,
			);
			path = DependencyContainer;
			sourceTree = "<group>";
		};
		9E2FF6A4220232D400407E87 /* FactoryProtocolmp */ = {
			isa = PBXGroup;
			children = (
				9E2FF6A5220232D400407E87 /* AuthViewControllerFactoryImp.swift */,
				9E2FF6AA220232D400407E87 /* WalktroughViewControllerFactoryImp.swift */,
			);
			path = FactoryProtocolmp;
			sourceTree = "<group>";
		};
		9E2FF6AC220232D400407E87 /* Networking */ = {
			isa = PBXGroup;
			children = (
				9E2FF6AD220232D400407E87 /* AlamofireUtils */,
				9E2FF6B0220232D400407E87 /* Endpoints */,
				9E2FF6B2220232D400407E87 /* ApiManager */,
			);
			path = Networking;
			sourceTree = "<group>";
		};
		9E2FF6AD220232D400407E87 /* AlamofireUtils */ = {
			isa = PBXGroup;
			children = (
				9E2FF6AE220232D400407E87 /* ParameterEncoding.swift */,
				9E2FF6AF220232D400407E87 /* RequestItems.swift */,
			);
			path = AlamofireUtils;
			sourceTree = "<group>";
		};
		9E2FF6B0220232D400407E87 /* Endpoints */ = {
			isa = PBXGroup;
			children = (
				9E2FF6B1220232D400407E87 /* EndPointType.swift */,
			);
			path = Endpoints;
			sourceTree = "<group>";
		};
		9E2FF6B2220232D400407E87 /* ApiManager */ = {
			isa = PBXGroup;
			children = (
				9E2FF6B3220232D400407E87 /* ApiManager.swift */,
				9E2FF6B4220232D400407E87 /* ApiManagerRetrier.swift */,
			);
			path = ApiManager;
			sourceTree = "<group>";
		};
		9E2FF6B5220232D400407E87 /* Extensions */ = {
			isa = PBXGroup;
			children = (
				9E2FF6B6220232D400407E87 /* UI */,
				9E2FF6B9220232D400407E87 /* Other */,
			);
			path = Extensions;
			sourceTree = "<group>";
		};
		9E2FF6B6220232D400407E87 /* UI */ = {
			isa = PBXGroup;
			children = (
				9EBF6E622256031400AF525F /* UIButton.swift */,
				9EBF6E67225683B900AF525F /* UINavigationBar.swift */,
				9E2FF6B8220232D400407E87 /* UIStoryboard.swift */,
				9E2FF6B7220232D400407E87 /* UIViewController.swift */,
			);
			path = UI;
			sourceTree = "<group>";
		};
		9E2FF6B9220232D400407E87 /* Other */ = {
			isa = PBXGroup;
			children = (
				9E2FF6BA220232D400407E87 /* DateFormatter.swift */,
			);
			path = Other;
			sourceTree = "<group>";
		};
		9E2FF6BB220232D400407E87 /* Services */ = {
			isa = PBXGroup;
			children = (
				9E2FF6BC220232D400407E87 /* NetworkingServices */,
				9E2FF6C0220232D400407E87 /* UserServices */,
			);
			path = Services;
			sourceTree = "<group>";
		};
		9E2FF6BC220232D400407E87 /* NetworkingServices */ = {
			isa = PBXGroup;
			children = (
				9E2FF6BF220232D400407E87 /* AuthNetworkServices.swift */,
			);
			path = NetworkingServices;
			sourceTree = "<group>";
		};
		9E2FF6C0220232D400407E87 /* UserServices */ = {
			isa = PBXGroup;
			children = (
				9E2FF6C1220232D400407E87 /* UserServices.swift */,
			);
			path = UserServices;
			sourceTree = "<group>";
		};
		9E2FF6C2220232D400407E87 /* Utils */ = {
			isa = PBXGroup;
			children = (
				9E2FF6C3220232D400407E87 /* Dynamics */,
				9E2FF6C7220232D400407E87 /* GenericUtils.swift */,
				9E2FF6C8220232D400407E87 /* Constants */,
			);
			path = Utils;
			sourceTree = "<group>";
		};
		9E2FF6C3220232D400407E87 /* Dynamics */ = {
			isa = PBXGroup;
			children = (
				9E2FF6C4220232D400407E87 /* Dynamic.swift */,
				9E2FF6C5220232D400407E87 /* DynamicArray.swift */,
				9E2FF6C6220232D400407E87 /* DynamicAsync.swift */,
			);
			path = Dynamics;
			sourceTree = "<group>";
		};
		9E2FF6C8220232D400407E87 /* Constants */ = {
			isa = PBXGroup;
			children = (
				9E2FF6C9220232D400407E87 /* Constants.swift */,
			);
			path = Constants;
			sourceTree = "<group>";
		};
		9E755F932254BDB60041CF69 /* ViewController */ = {
			isa = PBXGroup;
			children = (
				9E755F972254BDF70041CF69 /* BaseViewController.swift */,
			);
			path = ViewController;
			sourceTree = "<group>";
		};
		9E755F942254BDBD0041CF69 /* ViewModel */ = {
			isa = PBXGroup;
			children = (
				9E755F952254BDD30041CF69 /* BaseViewModel.swift */,
			);
			path = ViewModel;
			sourceTree = "<group>";
		};
		9E755F992254D2880041CF69 /* NavigationController */ = {
			isa = PBXGroup;
			children = (
				9E755F9A2254D2C50041CF69 /* CoordinatorNavigationController.swift */,
			);
			path = NavigationController;
			sourceTree = "<group>";
		};
		9EBF6E642256063100AF525F /* Buttons */ = {
			isa = PBXGroup;
			children = (
				9EBF6E652256065D00AF525F /* CustomBackButton.swift */,
			);
			path = Buttons;
			sourceTree = "<group>";
		};
		9EBF6E69225690B300AF525F /* TermsAndConditions */ = {
			isa = PBXGroup;
			children = (
				9EBF6E70225690F500AF525F /* TermsAndConditionsModels.swift */,
				9EBF6E71225690F500AF525F /* TermsAndConditionsViewController.swift */,
				9EBF6E72225690F500AF525F /* TermsAndConditionsViewModel.swift */,
			);
			path = TermsAndConditions;
			sourceTree = "<group>";
		};
		D65F21CC530958CA275A867B /* Frameworks */ = {
			isa = PBXGroup;
			children = (
				983EA0B9065221C4BAAEF119 /* Pods_ServiceOrientedArchitecture.framework */,
			);
			name = Frameworks;
			sourceTree = "<group>";
		};
		F81DC97B94D240D310BA6BE7 /* Pods */ = {
			isa = PBXGroup;
			children = (
				936EF7021C7D01C0247B431A /* Pods-ServiceOrientedArchitecture.debug.xcconfig */,
				B331C129E22AB5A45EA0D094 /* Pods-ServiceOrientedArchitecture.release.xcconfig */,
			);
			name = Pods;
			sourceTree = "<group>";
		};
/* End PBXGroup section */

/* Begin PBXNativeTarget section */
		9E2FF6282202323100407E87 /* ServiceOrientedArchitecture */ = {
			isa = PBXNativeTarget;
			buildConfigurationList = 9E2FF63B2202323200407E87 /* Build configuration list for PBXNativeTarget "ServiceOrientedArchitecture" */;
			buildPhases = (
				37FBFC6F31964AC65307F3D2 /* [CP] Check Pods Manifest.lock */,
				9E2FF6252202323100407E87 /* Sources */,
				9E2FF6262202323100407E87 /* Frameworks */,
				9E2FF6272202323100407E87 /* Resources */,
				3B1F13024757F985742E7A1F /* [CP] Embed Pods Frameworks */,
			);
			buildRules = (
			);
			dependencies = (
			);
			name = ServiceOrientedArchitecture;
			productName = ServiceOrientedArchitecture;
			productReference = 9E2FF6292202323100407E87 /* ServiceOrientedArchitecture.app */;
			productType = "com.apple.product-type.application";
		};
/* End PBXNativeTarget section */

/* Begin PBXProject section */
		9E2FF6212202323100407E87 /* Project object */ = {
			isa = PBXProject;
			attributes = {
				LastSwiftUpdateCheck = 1010;
				LastUpgradeCheck = 1010;
				ORGANIZATIONNAME = "Pavle Pesic";
				TargetAttributes = {
					9E2FF6282202323100407E87 = {
						CreatedOnToolsVersion = 10.1;
					};
				};
			};
			buildConfigurationList = 9E2FF6242202323100407E87 /* Build configuration list for PBXProject "ServiceOrientedArchitecture" */;
			compatibilityVersion = "Xcode 9.3";
			developmentRegion = en;
			hasScannedForEncodings = 0;
			knownRegions = (
				en,
				Base,
			);
			mainGroup = 9E2FF6202202323100407E87;
			productRefGroup = 9E2FF62A2202323100407E87 /* Products */;
			projectDirPath = "";
			projectRoot = "";
			targets = (
				9E2FF6282202323100407E87 /* ServiceOrientedArchitecture */,
			);
		};
/* End PBXProject section */

/* Begin PBXResourcesBuildPhase section */
		9E2FF6272202323100407E87 /* Resources */ = {
			isa = PBXResourcesBuildPhase;
			buildActionMask = 2147483647;
			files = (
				9E2FF72B2202330700407E87 /* Payment.storyboard in Resources */,
				9E2FF72D2202330700407E87 /* Profile.storyboard in Resources */,
				9E2FF7282202330700407E87 /* SideMenu.storyboard in Resources */,
				9E2FF6372202323200407E87 /* LaunchScreen.storyboard in Resources */,
				9E2FF7272202330700407E87 /* Auth.storyboard in Resources */,
				9E2FF7292202330700407E87 /* Walktrough.storyboard in Resources */,
				9E2FF72A2202330700407E87 /* Events.storyboard in Resources */,
				9E2FF6342202323200407E87 /* Assets.xcassets in Resources */,
				9E2FF6322202323100407E87 /* Main.storyboard in Resources */,
				9E2FF72C2202330700407E87 /* Settings.storyboard in Resources */,
			);
			runOnlyForDeploymentPostprocessing = 0;
		};
/* End PBXResourcesBuildPhase section */

/* Begin PBXShellScriptBuildPhase section */
		37FBFC6F31964AC65307F3D2 /* [CP] Check Pods Manifest.lock */ = {
			isa = PBXShellScriptBuildPhase;
			buildActionMask = 2147483647;
			files = (
			);
			inputPaths = (
				"${PODS_PODFILE_DIR_PATH}/Podfile.lock",
				"${PODS_ROOT}/Manifest.lock",
			);
			name = "[CP] Check Pods Manifest.lock";
			outputPaths = (
				"$(DERIVED_FILE_DIR)/Pods-ServiceOrientedArchitecture-checkManifestLockResult.txt",
			);
			runOnlyForDeploymentPostprocessing = 0;
			shellPath = /bin/sh;
			shellScript = "diff \"${PODS_PODFILE_DIR_PATH}/Podfile.lock\" \"${PODS_ROOT}/Manifest.lock\" > /dev/null\nif [ $? != 0 ] ; then\n    # print error to STDERR\n    echo \"error: The sandbox is not in sync with the Podfile.lock. Run 'pod install' or update your CocoaPods installation.\" >&2\n    exit 1\nfi\n# This output is used by Xcode 'outputs' to avoid re-running this script phase.\necho \"SUCCESS\" > \"${SCRIPT_OUTPUT_FILE_0}\"\n";
			showEnvVarsInLog = 0;
		};
		3B1F13024757F985742E7A1F /* [CP] Embed Pods Frameworks */ = {
			isa = PBXShellScriptBuildPhase;
			buildActionMask = 2147483647;
			files = (
			);
			inputPaths = (
				"${SRCROOT}/Pods/Target Support Files/Pods-ServiceOrientedArchitecture/Pods-ServiceOrientedArchitecture-frameworks.sh",
				"${BUILT_PRODUCTS_DIR}/Alamofire/Alamofire.framework",
				"${BUILT_PRODUCTS_DIR}/MBProgressHUD/MBProgressHUD.framework",
			);
			name = "[CP] Embed Pods Frameworks";
			outputPaths = (
				"${TARGET_BUILD_DIR}/${FRAMEWORKS_FOLDER_PATH}/Alamofire.framework",
				"${TARGET_BUILD_DIR}/${FRAMEWORKS_FOLDER_PATH}/MBProgressHUD.framework",
			);
			runOnlyForDeploymentPostprocessing = 0;
			shellPath = /bin/sh;
			shellScript = "\"${SRCROOT}/Pods/Target Support Files/Pods-ServiceOrientedArchitecture/Pods-ServiceOrientedArchitecture-frameworks.sh\"\n";
			showEnvVarsInLog = 0;
		};
/* End PBXShellScriptBuildPhase section */

/* Begin PBXSourcesBuildPhase section */
		9E2FF6252202323100407E87 /* Sources */ = {
			isa = PBXSourcesBuildPhase;
			buildActionMask = 2147483647;
			files = (
				9EBF6E75225690F500AF525F /* TermsAndConditionsViewModel.swift in Sources */,
				9E2FF715220232D500407E87 /* UIStoryboard.swift in Sources */,
				9E2FF71B220232D500407E87 /* Dynamic.swift in Sources */,
				9E2FF70D220232D500407E87 /* WalktroughViewControllerFactoryImp.swift in Sources */,
				9E2FF71E220232D500407E87 /* GenericUtils.swift in Sources */,
				9EBF6E662256065D00AF525F /* CustomBackButton.swift in Sources */,
				9E2FF6D2220232D400407E87 /* ChooseLoginRegisterViewController.swift in Sources */,
				9E2FF6F5220232D500407E87 /* ApplicationCoordinator.swift in Sources */,
				9E2FF6F2220232D500407E87 /* AuthCoordinator.swift in Sources */,
				9E2FF6F3220232D500407E87 /* WalktroughCoordinator.swift in Sources */,
				9E2FF704220232D500407E87 /* NetworkError.swift in Sources */,
				9E2FF6DE220232D500407E87 /* WalktroughViewModel.swift in Sources */,
				9E2FF6F9220232D500407E87 /* DeepLinkOption.swift in Sources */,
				9E2FF712220232D500407E87 /* ApiManager.swift in Sources */,
				9E2FF719220232D500407E87 /* AuthNetworkServices.swift in Sources */,
				9E2FF6FB220232D500407E87 /* ViewController+Coordinator.swift in Sources */,
				9E2FF6FF220232D500407E87 /* Coordinator.swift in Sources */,
				9E2FF6DC220232D500407E87 /* WalktroughModels.swift in Sources */,
				9E2FF6EF220232D500407E87 /* CoordinatorFactory.swift in Sources */,
				9E2FF6D3220232D400407E87 /* LoginViewModel.swift in Sources */,
				9E2FF714220232D500407E87 /* UIViewController.swift in Sources */,
				9E2FF6CD220232D400407E87 /* RegisterModels.swift in Sources */,
				9E2FF71C220232D500407E87 /* DynamicArray.swift in Sources */,
				9E2FF713220232D500407E87 /* ApiManagerRetrier.swift in Sources */,
				9E2FF701220232D500407E87 /* Router.swift in Sources */,
				9E2FF71A220232D500407E87 /* UserServices.swift in Sources */,
				9E755F962254BDD30041CF69 /* BaseViewModel.swift in Sources */,
				9E2FF6CF220232D400407E87 /* RegisterViewModel.swift in Sources */,
				9E2FF6FC220232D500407E87 /* AuthCoordinatorOutput.swift in Sources */,
				9EBF6E632256031400AF525F /* UIButton.swift in Sources */,
				9E2FF716220232D500407E87 /* DateFormatter.swift in Sources */,
				9E2FF6D1220232D400407E87 /* ChooseLoginRegisterViewModel.swift in Sources */,
				9E2FF707220232D500407E87 /* DependencyContainer.swift in Sources */,
				9E2FF6F0220232D500407E87 /* ViewControllerFactory.swift in Sources */,
				9E2FF708220232D500407E87 /* AuthViewControllerFactoryImp.swift in Sources */,
				9E2FF71F220232D500407E87 /* Constants.swift in Sources */,
				9E2FF710220232D500407E87 /* RequestItems.swift in Sources */,
				9E2FF70F220232D500407E87 /* ParameterEncoding.swift in Sources */,
				9E2FF6CE220232D400407E87 /* RegisterViewController.swift in Sources */,
				9E2FF71D220232D500407E87 /* DynamicAsync.swift in Sources */,
				9E2FF6D0220232D400407E87 /* ChooseLoginRegisterModels.swift in Sources */,
				9EBF6E74225690F500AF525F /* TermsAndConditionsViewController.swift in Sources */,
				9E2FF6FE220232D500407E87 /* Presentable.swift in Sources */,
				9E2FF6D4220232D400407E87 /* LoginModels.swift in Sources */,
				9E2FF700220232D500407E87 /* BaseCoordinator.swift in Sources */,
				9E2FF703220232D500407E87 /* AlertMessage.swift in Sources */,
				9E755F9B2254D2C50041CF69 /* CoordinatorNavigationController.swift in Sources */,
				9E2FF711220232D500407E87 /* EndPointType.swift in Sources */,
				9E2FF6DD220232D500407E87 /* WalktroughViewController.swift in Sources */,
				9E2FF62D2202323100407E87 /* AppDelegate.swift in Sources */,
				9E755F982254BDF70041CF69 /* BaseViewController.swift in Sources */,
				9E2FF6D5220232D400407E87 /* LoginViewController.swift in Sources */,
				9E2FF702220232D500407E87 /* FadeAnimator.swift in Sources */,
				9EBF6E68225683B900AF525F /* UINavigationBar.swift in Sources */,
				9E2FF6FD220232D500407E87 /* BaseViewControllerProtocol.swift in Sources */,
				9EBF6E73225690F500AF525F /* TermsAndConditionsModels.swift in Sources */,
				9E2FF6FA220232D500407E87 /* LaunchInstructor.swift in Sources */,
			);
			runOnlyForDeploymentPostprocessing = 0;
		};
/* End PBXSourcesBuildPhase section */

/* Begin PBXVariantGroup section */
		9E2FF6302202323100407E87 /* Main.storyboard */ = {
			isa = PBXVariantGroup;
			children = (
				9E2FF6312202323100407E87 /* Base */,
			);
			name = Main.storyboard;
			sourceTree = "<group>";
		};
		9E2FF6352202323200407E87 /* LaunchScreen.storyboard */ = {
			isa = PBXVariantGroup;
			children = (
				9E2FF6362202323200407E87 /* Base */,
			);
			name = LaunchScreen.storyboard;
			sourceTree = "<group>";
		};
/* End PBXVariantGroup section */

/* Begin XCBuildConfiguration section */
		9E2FF6392202323200407E87 /* Debug */ = {
			isa = XCBuildConfiguration;
			buildSettings = {
				ALWAYS_SEARCH_USER_PATHS = NO;
				CLANG_ANALYZER_NONNULL = YES;
				CLANG_ANALYZER_NUMBER_OBJECT_CONVERSION = YES_AGGRESSIVE;
				CLANG_CXX_LANGUAGE_STANDARD = "gnu++14";
				CLANG_CXX_LIBRARY = "libc++";
				CLANG_ENABLE_MODULES = YES;
				CLANG_ENABLE_OBJC_ARC = YES;
				CLANG_ENABLE_OBJC_WEAK = YES;
				CLANG_WARN_BLOCK_CAPTURE_AUTORELEASING = YES;
				CLANG_WARN_BOOL_CONVERSION = YES;
				CLANG_WARN_COMMA = YES;
				CLANG_WARN_CONSTANT_CONVERSION = YES;
				CLANG_WARN_DEPRECATED_OBJC_IMPLEMENTATIONS = YES;
				CLANG_WARN_DIRECT_OBJC_ISA_USAGE = YES_ERROR;
				CLANG_WARN_DOCUMENTATION_COMMENTS = YES;
				CLANG_WARN_EMPTY_BODY = YES;
				CLANG_WARN_ENUM_CONVERSION = YES;
				CLANG_WARN_INFINITE_RECURSION = YES;
				CLANG_WARN_INT_CONVERSION = YES;
				CLANG_WARN_NON_LITERAL_NULL_CONVERSION = YES;
				CLANG_WARN_OBJC_IMPLICIT_RETAIN_SELF = YES;
				CLANG_WARN_OBJC_LITERAL_CONVERSION = YES;
				CLANG_WARN_OBJC_ROOT_CLASS = YES_ERROR;
				CLANG_WARN_RANGE_LOOP_ANALYSIS = YES;
				CLANG_WARN_STRICT_PROTOTYPES = YES;
				CLANG_WARN_SUSPICIOUS_MOVE = YES;
				CLANG_WARN_UNGUARDED_AVAILABILITY = YES_AGGRESSIVE;
				CLANG_WARN_UNREACHABLE_CODE = YES;
				CLANG_WARN__DUPLICATE_METHOD_MATCH = YES;
				CODE_SIGN_IDENTITY = "iPhone Developer";
				COPY_PHASE_STRIP = NO;
				DEBUG_INFORMATION_FORMAT = dwarf;
				ENABLE_STRICT_OBJC_MSGSEND = YES;
				ENABLE_TESTABILITY = YES;
				GCC_C_LANGUAGE_STANDARD = gnu11;
				GCC_DYNAMIC_NO_PIC = NO;
				GCC_NO_COMMON_BLOCKS = YES;
				GCC_OPTIMIZATION_LEVEL = 0;
				GCC_PREPROCESSOR_DEFINITIONS = (
					"DEBUG=1",
					"$(inherited)",
				);
				GCC_WARN_64_TO_32_BIT_CONVERSION = YES;
				GCC_WARN_ABOUT_RETURN_TYPE = YES_ERROR;
				GCC_WARN_UNDECLARED_SELECTOR = YES;
				GCC_WARN_UNINITIALIZED_AUTOS = YES_AGGRESSIVE;
				GCC_WARN_UNUSED_FUNCTION = YES;
				GCC_WARN_UNUSED_VARIABLE = YES;
				IPHONEOS_DEPLOYMENT_TARGET = 12.1;
				MTL_ENABLE_DEBUG_INFO = INCLUDE_SOURCE;
				MTL_FAST_MATH = YES;
				ONLY_ACTIVE_ARCH = YES;
				SDKROOT = iphoneos;
				SWIFT_ACTIVE_COMPILATION_CONDITIONS = DEBUG;
				SWIFT_OPTIMIZATION_LEVEL = "-Onone";
			};
			name = Debug;
		};
		9E2FF63A2202323200407E87 /* Release */ = {
			isa = XCBuildConfiguration;
			buildSettings = {
				ALWAYS_SEARCH_USER_PATHS = NO;
				CLANG_ANALYZER_NONNULL = YES;
				CLANG_ANALYZER_NUMBER_OBJECT_CONVERSION = YES_AGGRESSIVE;
				CLANG_CXX_LANGUAGE_STANDARD = "gnu++14";
				CLANG_CXX_LIBRARY = "libc++";
				CLANG_ENABLE_MODULES = YES;
				CLANG_ENABLE_OBJC_ARC = YES;
				CLANG_ENABLE_OBJC_WEAK = YES;
				CLANG_WARN_BLOCK_CAPTURE_AUTORELEASING = YES;
				CLANG_WARN_BOOL_CONVERSION = YES;
				CLANG_WARN_COMMA = YES;
				CLANG_WARN_CONSTANT_CONVERSION = YES;
				CLANG_WARN_DEPRECATED_OBJC_IMPLEMENTATIONS = YES;
				CLANG_WARN_DIRECT_OBJC_ISA_USAGE = YES_ERROR;
				CLANG_WARN_DOCUMENTATION_COMMENTS = YES;
				CLANG_WARN_EMPTY_BODY = YES;
				CLANG_WARN_ENUM_CONVERSION = YES;
				CLANG_WARN_INFINITE_RECURSION = YES;
				CLANG_WARN_INT_CONVERSION = YES;
				CLANG_WARN_NON_LITERAL_NULL_CONVERSION = YES;
				CLANG_WARN_OBJC_IMPLICIT_RETAIN_SELF = YES;
				CLANG_WARN_OBJC_LITERAL_CONVERSION = YES;
				CLANG_WARN_OBJC_ROOT_CLASS = YES_ERROR;
				CLANG_WARN_RANGE_LOOP_ANALYSIS = YES;
				CLANG_WARN_STRICT_PROTOTYPES = YES;
				CLANG_WARN_SUSPICIOUS_MOVE = YES;
				CLANG_WARN_UNGUARDED_AVAILABILITY = YES_AGGRESSIVE;
				CLANG_WARN_UNREACHABLE_CODE = YES;
				CLANG_WARN__DUPLICATE_METHOD_MATCH = YES;
				CODE_SIGN_IDENTITY = "iPhone Developer";
				COPY_PHASE_STRIP = NO;
				DEBUG_INFORMATION_FORMAT = "dwarf-with-dsym";
				ENABLE_NS_ASSERTIONS = NO;
				ENABLE_STRICT_OBJC_MSGSEND = YES;
				GCC_C_LANGUAGE_STANDARD = gnu11;
				GCC_NO_COMMON_BLOCKS = YES;
				GCC_WARN_64_TO_32_BIT_CONVERSION = YES;
				GCC_WARN_ABOUT_RETURN_TYPE = YES_ERROR;
				GCC_WARN_UNDECLARED_SELECTOR = YES;
				GCC_WARN_UNINITIALIZED_AUTOS = YES_AGGRESSIVE;
				GCC_WARN_UNUSED_FUNCTION = YES;
				GCC_WARN_UNUSED_VARIABLE = YES;
				IPHONEOS_DEPLOYMENT_TARGET = 12.1;
				MTL_ENABLE_DEBUG_INFO = NO;
				MTL_FAST_MATH = YES;
				SDKROOT = iphoneos;
				SWIFT_COMPILATION_MODE = wholemodule;
				SWIFT_OPTIMIZATION_LEVEL = "-O";
				VALIDATE_PRODUCT = YES;
			};
			name = Release;
		};
		9E2FF63C2202323200407E87 /* Debug */ = {
			isa = XCBuildConfiguration;
			baseConfigurationReference = 936EF7021C7D01C0247B431A /* Pods-ServiceOrientedArchitecture.debug.xcconfig */;
			buildSettings = {
				ASSETCATALOG_COMPILER_APPICON_NAME = AppIcon;
				CODE_SIGN_STYLE = Automatic;
				DEVELOPMENT_TEAM = BUY9X6YFEW;
				INFOPLIST_FILE = ServiceOrientedArchitecture/Info.plist;
				IPHONEOS_DEPLOYMENT_TARGET = 11.0;
				LD_RUNPATH_SEARCH_PATHS = (
					"$(inherited)",
					"@executable_path/Frameworks",
				);
				PRODUCT_BUNDLE_IDENTIFIER = PakiSoft.ServiceOrientedArchitecture;
				PRODUCT_NAME = "$(TARGET_NAME)";
				SWIFT_VERSION = 5.0;
				TARGETED_DEVICE_FAMILY = "1,2";
			};
			name = Debug;
		};
		9E2FF63D2202323200407E87 /* Release */ = {
			isa = XCBuildConfiguration;
			baseConfigurationReference = B331C129E22AB5A45EA0D094 /* Pods-ServiceOrientedArchitecture.release.xcconfig */;
			buildSettings = {
				ASSETCATALOG_COMPILER_APPICON_NAME = AppIcon;
				CODE_SIGN_STYLE = Automatic;
				DEVELOPMENT_TEAM = BUY9X6YFEW;
				INFOPLIST_FILE = ServiceOrientedArchitecture/Info.plist;
				IPHONEOS_DEPLOYMENT_TARGET = 11.0;
				LD_RUNPATH_SEARCH_PATHS = (
					"$(inherited)",
					"@executable_path/Frameworks",
				);
				PRODUCT_BUNDLE_IDENTIFIER = PakiSoft.ServiceOrientedArchitecture;
				PRODUCT_NAME = "$(TARGET_NAME)";
				SWIFT_VERSION = 5.0;
				TARGETED_DEVICE_FAMILY = "1,2";
			};
			name = Release;
		};
/* End XCBuildConfiguration section */

/* Begin XCConfigurationList section */
		9E2FF6242202323100407E87 /* Build configuration list for PBXProject "ServiceOrientedArchitecture" */ = {
			isa = XCConfigurationList;
			buildConfigurations = (
				9E2FF6392202323200407E87 /* Debug */,
				9E2FF63A2202323200407E87 /* Release */,
			);
			defaultConfigurationIsVisible = 0;
			defaultConfigurationName = Release;
		};
		9E2FF63B2202323200407E87 /* Build configuration list for PBXNativeTarget "ServiceOrientedArchitecture" */ = {
			isa = XCConfigurationList;
			buildConfigurations = (
				9E2FF63C2202323200407E87 /* Debug */,
				9E2FF63D2202323200407E87 /* Release */,
			);
			defaultConfigurationIsVisible = 0;
			defaultConfigurationName = Release;
		};
/* End XCConfigurationList section */
	};
	rootObject = 9E2FF6212202323100407E87 /* Project object */;
}
